<?xml version="1.0" encoding="utf-8"?>
<Project ToolsVersion="4.0" xmlns="http://schemas.microsoft.com/developer/msbuild/2003">
  <ItemGroup>
    <Filter Include="Source Files">
      <UniqueIdentifier>{eaa613e6-c9e4-48a0-b85d-3ec005091f41}</UniqueIdentifier>
      <Extensions>cpp;c;cxx;rc;def;r;odl;idl;hpj;bat</Extensions>
    </Filter>
    <Filter Include="Header Files">
      <UniqueIdentifier>{2a9046c4-cd54-497a-9200-6ef48eb52aad}</UniqueIdentifier>
      <Extensions>h;hpp;hxx;hm;inl</Extensions>
    </Filter>
    <Filter Include="Resource Files">
      <UniqueIdentifier>{562b95d9-eb7a-4606-a6ba-3861256696f9}</UniqueIdentifier>
      <Extensions>ico;cur;bmp;dlg;rc2;rct;bin;cnt;rtf;gif;jpg;jpeg;jpe</Extensions>
    </Filter>
  </ItemGroup>
  <ItemGroup>
    <ClCompile Include="Cdib.cpp">
      <Filter>Source Files</Filter>
    </ClCompile>
    <ClCompile Include="DlgPingYi.cpp">
      <Filter>Source Files</Filter>
    </ClCompile>
    <ClCompile Include="DlgSuoFang.cpp">
      <Filter>Source Files</Filter>
    </ClCompile>
    <ClCompile Include="DlgXuanZhuan.cpp">
      <Filter>Source Files</Filter>
    </ClCompile>
    <ClCompile Include="DSplit.cpp">
      <Filter>Source Files</Filter>
    </ClCompile>
    <ClCompile Include="DSplitDoc.cpp">
      <Filter>Source Files</Filter>
    </ClCompile>
    <ClCompile Include="DSplitView.cpp">
      <Filter>Source Files</Filter>
    </ClCompile>
    <ClCompile Include="DynSplitterWnd.cpp">
      <Filter>Source Files</Filter>
    </ClCompile>
    <ClCompile Include="DynSplitView2.cpp">
      <Filter>Source Files</Filter>
    </ClCompile>
    <ClCompile Include="JiHeBianHuanDib.cpp">
      <Filter>Source Files</Filter>
    </ClCompile>
    <ClCompile Include="MainFrm.cpp">
      <Filter>Source Files</Filter>
    </ClCompile>
    <ClCompile Include="StdAfx.cpp">
      <Filter>Source Files</Filter>
    </ClCompile>
  </ItemGroup>
  <ItemGroup>
    <ResourceCompile Include="DSplit.rc">
      <Filter>Source Files</Filter>
    </ResourceCompile>
  </ItemGroup>
  <ItemGroup>
    <ClInclude Include="Cdib.h">
      <Filter>Header Files</Filter>
    </ClInclude>
    <ClInclude Include="chhhh.h">
      <Filter>Header Files</Filter>
    </ClInclude>
    <ClInclude Include="DlgPingYi.h">
      <Filter>Header Files</Filter>
    </ClInclude>
    <ClInclude Include="DlgSuoFang.h">
      <Filter>Header Files</Filter>
    </ClInclude>
    <ClInclude Include="DlgXuanZhuan.h">
      <Filter>Header Files</Filter>
    </ClInclude>
    <ClInclude Include="DSplit.h">
      <Filter>Header Files</Filter>
    </ClInclude>
    <ClInclude Include="DSplitDoc.h">
      <Filter>Header Files</Filter>
    </ClInclude>
    <ClInclude Include="DSplitView.h">
      <Filter>Header Files</Filter>
    </ClInclude>
    <ClInclude Include="DynSplitterWnd.h">
      <Filter>Header Files</Filter>
    </ClInclude>
    <ClInclude Include="DynSplitView2.h">
      <Filter>Header Files</Filter>
    </ClInclude>
    <ClInclude Include="JiHeBianHuanDib.h">
      <Filter>Header Files</Filter>
    </ClInclude>
    <ClInclude Include="MainFrm.h">
      <Filter>Header Files</Filter>
    </ClInclude>
    <ClInclude Include="Resource.h">
      <Filter>Header Files</Filter>
    </ClInclude>
    <ClInclude Include="StdAfx.h">
      <Filter>Header Files</Filter>
    </ClInclude>
  </ItemGroup>
  <ItemGroup>
    <Image Include="res\DSplit.ico">
      <Filter>Resource Files</Filter>
    </Image>
    <Image Include="res\DSplitDoc.ico">
      <Filter>Resource Files</Filter>
    </Image>
    <Image Include="res\Toolbar.bmp">
      <Filter>Resource Files</Filter>
    </Image>
  </ItemGroup>
  <ItemGroup>
    <None Include="res\DSplit.rc2">
      <Filter>Resource Files</Filter>
    </None>
  </ItemGroup>
  <ItemGroup>
    <Text Include="ReadMe.txt" />
  </ItemGroup>
</Project>